{
  "requires": true,
  "lockfileVersion": 1,
  "dependencies": {
    "clipbrd": {
      "version": "1.0.2",
      "resolved": "https://registry.npmjs.org/clipbrd/-/clipbrd-1.0.2.tgz",
      "integrity": "sha512-lC+w/RlvVzfcqfYvlBGXEt2l8tI4Ar9E+rLKPpShgGzKXhXJpbKoMOWItjEii6SNNAP0F1KaJSr8krfqT5aOng=="
    }
  }
}
